
Microsoft Visual Studio Solution File, Format Version 12.00
# Visual Studio Version 16
VisualStudioVersion = 16.0.31729.503
MinimumVisualStudioVersion = 10.0.40219.1
Project("{FAE04EC0-301F-11D3-BF4B-00C04F79EFBC}") = "Tactics_Script_Tool", "Tactics_Script_Tool.csproj", "{C72EB9E3-B2D5-45DE-B27B-6FB85CD63961}"
EndProject
Global
	GlobalSection(SolutionConfigurationPlatforms) = preSolution
		Debug|Any CPU = Debug|Any CPU
		Release|Any CPU = Release|Any CPU
	EndGlobalSection
	GlobalSection(ProjectConfigurationPlatforms) = postSolution
		{C72EB9E3-B2D5-45DE-B27B-6FB85CD63961}.Debug|Any CPU.ActiveCfg = Debug|Any CPU
		{C72EB9E3-B2D5-45DE-B27B-6FB85CD63961}.Debug|Any CPU.Build.0 = Debug|Any CPU
		{C72EB9E3-B2D5-45DE-B27B-6FB85CD63961}.Release|Any CPU.ActiveCfg = Release|Any CPU
		{C72EB9E3-B2D5-45DE-B27B-6FB85CD63961}.Release|Any CPU.Build.0 = Release|Any CPU
	EndGlobalSection
	GlobalSection(SolutionProperties) = preSolution
		HideSolutionNode = FALSE
	EndGlobalSection
	GlobalSection(ExtensibilityGlobals) = postSolution
		SolutionGuid = {4EDD9ABE-9400-44FC-944D-4E865AE0FCC0}
	EndGlobalSection
EndGlobal
